
Microsoft Visual Studio Solution File, Format Version 12.00
# Visual Studio Version 17
VisualStudioVersion = 17.5.33516.290
MinimumVisualStudioVersion = 10.0.40219.1
Project("{9A19103F-16F7-4668-BE54-9A1E7A4F7556}") = "Entities", "Entities\Entities.csproj", "{81FA9308-C088-4D9B-A191-81E3B041620C}"
EndProject
Project("{9A19103F-16F7-4668-BE54-9A1E7A4F7556}") = "Services", "Services\Services.csproj", "{29B865A4-6756-4014-851E-90128F4F745D}"
EndProject
Project("{9A19103F-16F7-4668-BE54-9A1E7A4F7556}") = "FactoryManagement", "FactoryManagement\FactoryManagement.csproj", "{4473F904-FED4-41E6-91D3-271C4E6527FA}"
EndProject
Project("{9A19103F-16F7-4668-BE54-9A1E7A4F7556}") = "Repositories", "Repositories\Repositories.csproj", "{78DBD5AE-61A7-432E-B565-FD394A463022}"
EndProject
Global
	GlobalSection(SolutionConfigurationPlatforms) = preSolution
		Debug|Any CPU = Debug|Any CPU
		Release|Any CPU = Release|Any CPU
	EndGlobalSection
	GlobalSection(ProjectConfigurationPlatforms) = postSolution
		{81FA9308-C088-4D9B-A191-81E3B041620C}.Debug|Any CPU.ActiveCfg = Debug|Any CPU
		{81FA9308-C088-4D9B-A191-81E3B041620C}.Debug|Any CPU.Build.0 = Debug|Any CPU
		{81FA9308-C088-4D9B-A191-81E3B041620C}.Release|Any CPU.ActiveCfg = Release|Any CPU
		{81FA9308-C088-4D9B-A191-81E3B041620C}.Release|Any CPU.Build.0 = Release|Any CPU
		{29B865A4-6756-4014-851E-90128F4F745D}.Debug|Any CPU.ActiveCfg = Debug|Any CPU
		{29B865A4-6756-4014-851E-90128F4F745D}.Debug|Any CPU.Build.0 = Debug|Any CPU
		{29B865A4-6756-4014-851E-90128F4F745D}.Release|Any CPU.ActiveCfg = Release|Any CPU
		{29B865A4-6756-4014-851E-90128F4F745D}.Release|Any CPU.Build.0 = Release|Any CPU
		{4473F904-FED4-41E6-91D3-271C4E6527FA}.Debug|Any CPU.ActiveCfg = Debug|Any CPU
		{4473F904-FED4-41E6-91D3-271C4E6527FA}.Debug|Any CPU.Build.0 = Debug|Any CPU
		{4473F904-FED4-41E6-91D3-271C4E6527FA}.Release|Any CPU.ActiveCfg = Release|Any CPU
		{4473F904-FED4-41E6-91D3-271C4E6527FA}.Release|Any CPU.Build.0 = Release|Any CPU
		{78DBD5AE-61A7-432E-B565-FD394A463022}.Debug|Any CPU.ActiveCfg = Debug|Any CPU
		{78DBD5AE-61A7-432E-B565-FD394A463022}.Debug|Any CPU.Build.0 = Debug|Any CPU
		{78DBD5AE-61A7-432E-B565-FD394A463022}.Release|Any CPU.ActiveCfg = Release|Any CPU
		{78DBD5AE-61A7-432E-B565-FD394A463022}.Release|Any CPU.Build.0 = Release|Any CPU
	EndGlobalSection
	GlobalSection(SolutionProperties) = preSolution
		HideSolutionNode = FALSE
	EndGlobalSection
	GlobalSection(ExtensibilityGlobals) = postSolution
		SolutionGuid = {823896DD-D338-45E1-B068-865976E36A03}
	EndGlobalSection
EndGlobal
